
Microsoft Visual Studio Solution File, Format Version 12.00
# Visual Studio Version 17
VisualStudioVersion = 17.11.35303.130
MinimumVisualStudioVersion = 10.0.40219.1
Project("{FAE04EC0-301F-11D3-BF4B-00C04F79EFBC}") = "todo-api", "todo-api\todo-api.csproj", "{F879D5D6-C5B5-4A74-A5B6-4E68819CD491}"
EndProject
Global
	GlobalSection(SolutionConfigurationPlatforms) = preSolution
		Debug|Any CPU = Debug|Any CPU
		Release|Any CPU = Release|Any CPU
	EndGlobalSection
	GlobalSection(ProjectConfigurationPlatforms) = postSolution
		{F879D5D6-C5B5-4A74-A5B6-4E68819CD491}.Debug|Any CPU.ActiveCfg = Debug|Any CPU
		{F879D5D6-C5B5-4A74-A5B6-4E68819CD491}.Debug|Any CPU.Build.0 = Debug|Any CPU
		{F879D5D6-C5B5-4A74-A5B6-4E68819CD491}.Release|Any CPU.ActiveCfg = Release|Any CPU
		{F879D5D6-C5B5-4A74-A5B6-4E68819CD491}.Release|Any CPU.Build.0 = Release|Any CPU
	EndGlobalSection
	GlobalSection(SolutionProperties) = preSolution
		HideSolutionNode = FALSE
	EndGlobalSection
	GlobalSection(ExtensibilityGlobals) = postSolution
		SolutionGuid = {3A006865-E262-47ED-95BB-5AAD398D28A7}
	EndGlobalSection
EndGlobal
